// !$*UTF8*$!
{
	archiveVersion = 1;
	classes = {
	};
	objectVersion = 56;
	objects = {

/* Begin PBXBuildFile section */
		A6A76C6728A3DED6001FC72E /* AlbumDetailView.swift in Sources */ = {isa = PBXBuildFile; fileRef = A6A76C6628A3DED6001FC72E /* AlbumDetailView.swift */; };
		A6A76C6928A3DF5A001FC72E /* AlbumDetailViewModel.swift in Sources */ = {isa = PBXBuildFile; fileRef = A6A76C6828A3DF5A001FC72E /* AlbumDetailViewModel.swift */; };
		A6A76C6E28A3DFC4001FC72E /* AlbumModel.swift in Sources */ = {isa = PBXBuildFile; fileRef = A6A76C6D28A3DFC4001FC72E /* AlbumModel.swift */; };
		A6A76C7028A3E000001FC72E /* ItunesAPI.swift in Sources */ = {isa = PBXBuildFile; fileRef = A6A76C6F28A3E000001FC72E /* ItunesAPI.swift */; };
		A6A76C7728A3E422001FC72E /* Constants.swift in Sources */ = {isa = PBXBuildFile; fileRef = A6A76C7628A3E422001FC72E /* Constants.swift */; };
		A6EF82992893383C004A462F /* AsyncAwaitSwiftUIApp.swift in Sources */ = {isa = PBXBuildFile; fileRef = A6EF82982893383C004A462F /* AsyncAwaitSwiftUIApp.swift */; };
		A6EF829D2893383C004A462F /* Assets.xcassets in Resources */ = {isa = PBXBuildFile; fileRef = A6EF829C2893383C004A462F /* Assets.xcassets */; };
		A6EF82A02893383C004A462F /* Preview Assets.xcassets in Resources */ = {isa = PBXBuildFile; fileRef = A6EF829F2893383C004A462F /* Preview Assets.xcassets */; };
		A6EF82AA2893383D004A462F /* AsyncAwaitSwiftUITests.swift in Sources */ = {isa = PBXBuildFile; fileRef = A6EF82A92893383D004A462F /* AsyncAwaitSwiftUITests.swift */; };
		A6EF82B42893383D004A462F /* AsyncAwaitSwiftUIUITests.swift in Sources */ = {isa = PBXBuildFile; fileRef = A6EF82B32893383D004A462F /* AsyncAwaitSwiftUIUITests.swift */; };
		A6EF82B62893383D004A462F /* AsyncAwaitSwiftUIUITestsLaunchTests.swift in Sources */ = {isa = PBXBuildFile; fileRef = A6EF82B52893383D004A462F /* AsyncAwaitSwiftUIUITestsLaunchTests.swift */; };
/* End PBXBuildFile section */

/* Begin PBXContainerItemProxy section */
		A6EF82A62893383D004A462F /* PBXContainerItemProxy */ = {
			isa = PBXContainerItemProxy;
			containerPortal = A6EF828D2893383C004A462F /* Project object */;
			proxyType = 1;
			remoteGlobalIDString = A6EF82942893383C004A462F;
			remoteInfo = AsyncAwaitSwiftUI;
		};
		A6EF82B02893383D004A462F /* PBXContainerItemProxy */ = {
			isa = PBXContainerItemProxy;
			containerPortal = A6EF828D2893383C004A462F /* Project object */;
			proxyType = 1;
			remoteGlobalIDString = A6EF82942893383C004A462F;
			remoteInfo = AsyncAwaitSwiftUI;
		};
/* End PBXContainerItemProxy section */

/* Begin PBXFileReference section */
		A6A5A6A6289D6260009B758B /* Info.plist */ = {isa = PBXFileReference; lastKnownFileType = text.plist.xml; path = Info.plist; sourceTree = "<group>"; };
		A6A76C6628A3DED6001FC72E /* AlbumDetailView.swift */ = {isa = PBXFileReference; lastKnownFileType = sourcecode.swift; path = AlbumDetailView.swift; sourceTree = "<group>"; };
		A6A76C6828A3DF5A001FC72E /* AlbumDetailViewModel.swift */ = {isa = PBXFileReference; lastKnownFileType = sourcecode.swift; path = AlbumDetailViewModel.swift; sourceTree = "<group>"; };
		A6A76C6D28A3DFC4001FC72E /* AlbumModel.swift */ = {isa = PBXFileReference; lastKnownFileType = sourcecode.swift; path = AlbumModel.swift; sourceTree = "<group>"; };
		A6A76C6F28A3E000001FC72E /* ItunesAPI.swift */ = {isa = PBXFileReference; lastKnownFileType = sourcecode.swift; path = ItunesAPI.swift; sourceTree = "<group>"; };
		A6A76C7628A3E422001FC72E /* Constants.swift */ = {isa = PBXFileReference; lastKnownFileType = sourcecode.swift; path = Constants.swift; sourceTree = "<group>"; };
		A6EF82952893383C004A462F /* AsyncAwaitSwiftUI.app */ = {isa = PBXFileReference; explicitFileType = wrapper.application; includeInIndex = 0; path = AsyncAwaitSwiftUI.app; sourceTree = BUILT_PRODUCTS_DIR; };
		A6EF82982893383C004A462F /* AsyncAwaitSwiftUIApp.swift */ = {isa = PBXFileReference; lastKnownFileType = sourcecode.swift; path = AsyncAwaitSwiftUIApp.swift; sourceTree = "<group>"; };
		A6EF829C2893383C004A462F /* Assets.xcassets */ = {isa = PBXFileReference; lastKnownFileType = folder.assetcatalog; path = Assets.xcassets; sourceTree = "<group>"; };
		A6EF829F2893383C004A462F /* Preview Assets.xcassets */ = {isa = PBXFileReference; lastKnownFileType = folder.assetcatalog; path = "Preview Assets.xcassets"; sourceTree = "<group>"; };
		A6EF82A52893383D004A462F /* AsyncAwaitSwiftUITests.xctest */ = {isa = PBXFileReference; explicitFileType = wrapper.cfbundle; includeInIndex = 0; path = AsyncAwaitSwiftUITests.xctest; sourceTree = BUILT_PRODUCTS_DIR; };
		A6EF82A92893383D004A462F /* AsyncAwaitSwiftUITests.swift */ = {isa = PBXFileReference; lastKnownFileType = sourcecode.swift; path = AsyncAwaitSwiftUITests.swift; sourceTree = "<group>"; };
		A6EF82AF2893383D004A462F /* AsyncAwaitSwiftUIUITests.xctest */ = {isa = PBXFileReference; explicitFileType = wrapper.cfbundle; includeInIndex = 0; path = AsyncAwaitSwiftUIUITests.xctest; sourceTree = BUILT_PRODUCTS_DIR; };
		A6EF82B32893383D004A462F /* AsyncAwaitSwiftUIUITests.swift */ = {isa = PBXFileReference; lastKnownFileType = sourcecode.swift; path = AsyncAwaitSwiftUIUITests.swift; sourceTree = "<group>"; };
		A6EF82B52893383D004A462F /* AsyncAwaitSwiftUIUITestsLaunchTests.swift */ = {isa = PBXFileReference; lastKnownFileType = sourcecode.swift; path = AsyncAwaitSwiftUIUITestsLaunchTests.swift; sourceTree = "<group>"; };
/* End PBXFileReference section */

/* Begin PBXFrameworksBuildPhase section */
		A6EF82922893383C004A462F /* Frameworks */ = {
			isa = PBXFrameworksBuildPhase;
			buildActionMask = 2147483647;
			files = (
			);
			runOnlyForDeploymentPostprocessing = 0;
		};
		A6EF82A22893383D004A462F /* Frameworks */ = {
			isa = PBXFrameworksBuildPhase;
			buildActionMask = 2147483647;
			files = (
			);
			runOnlyForDeploymentPostprocessing = 0;
		};
		A6EF82AC2893383D004A462F /* Frameworks */ = {
			isa = PBXFrameworksBuildPhase;
			buildActionMask = 2147483647;
			files = (
			);
			runOnlyForDeploymentPostprocessing = 0;
		};
/* End PBXFrameworksBuildPhase section */

/* Begin PBXGroup section */
		A6A76C6128A3DE51001FC72E /* View */ = {
			isa = PBXGroup;
			children = (
				A6A76C6628A3DED6001FC72E /* AlbumDetailView.swift */,
			);
			path = View;
			sourceTree = "<group>";
		};
		A6A76C6228A3DE59001FC72E /* ViewModel */ = {
			isa = PBXGroup;
			children = (
				A6A76C6828A3DF5A001FC72E /* AlbumDetailViewModel.swift */,
			);
			path = ViewModel;
			sourceTree = "<group>";
		};
		A6A76C6328A3DE64001FC72E /* EntryPoint */ = {
			isa = PBXGroup;
			children = (
				A6EF82982893383C004A462F /* AsyncAwaitSwiftUIApp.swift */,
			);
			path = EntryPoint;
			sourceTree = "<group>";
		};
		A6A76C6B28A3DF7F001FC72E /* WebServices */ = {
			isa = PBXGroup;
			children = (
				A6A76C6F28A3E000001FC72E /* ItunesAPI.swift */,
			);
			path = WebServices;
			sourceTree = "<group>";
		};
		A6A76C6C28A3DFB2001FC72E /* Model */ = {
			isa = PBXGroup;
			children = (
				A6A76C6D28A3DFC4001FC72E /* AlbumModel.swift */,
			);
			path = Model;
			sourceTree = "<group>";
		};
		A6A76C7528A3E407001FC72E /* Utils */ = {
			isa = PBXGroup;
			children = (
				A6A76C7628A3E422001FC72E /* Constants.swift */,
			);
			path = Utils;
			sourceTree = "<group>";
		};
		A6EF828C2893383C004A462F = {
			isa = PBXGroup;
			children = (
				A6EF82972893383C004A462F /* AsyncAwaitSwiftUI */,
				A6EF82A82893383D004A462F /* AsyncAwaitSwiftUITests */,
				A6EF82B22893383D004A462F /* AsyncAwaitSwiftUIUITests */,
				A6EF82962893383C004A462F /* Products */,
			);
			sourceTree = "<group>";
		};
		A6EF82962893383C004A462F /* Products */ = {
			isa = PBXGroup;
			children = (
				A6EF82952893383C004A462F /* AsyncAwaitSwiftUI.app */,
				A6EF82A52893383D004A462F /* AsyncAwaitSwiftUITests.xctest */,
				A6EF82AF2893383D004A462F /* AsyncAwaitSwiftUIUITests.xctest */,
			);
			name = Products;
			sourceTree = "<group>";
		};
		A6EF82972893383C004A462F /* AsyncAwaitSwiftUI */ = {
			isa = PBXGroup;
			children = (
				A6A76C6328A3DE64001FC72E /* EntryPoint */,
				A6A76C6C28A3DFB2001FC72E /* Model */,
				A6A76C6228A3DE59001FC72E /* ViewModel */,
				A6A76C6128A3DE51001FC72E /* View */,
				A6A76C6B28A3DF7F001FC72E /* WebServices */,
				A6A76C7528A3E407001FC72E /* Utils */,
				A6EF829C2893383C004A462F /* Assets.xcassets */,
				A6A5A6A6289D6260009B758B /* Info.plist */,
				A6EF829E2893383C004A462F /* Preview Content */,
			);
			path = AsyncAwaitSwiftUI;
			sourceTree = "<group>";
		};
		A6EF829E2893383C004A462F /* Preview Content */ = {
			isa = PBXGroup;
			children = (
				A6EF829F2893383C004A462F /* Preview Assets.xcassets */,
			);
			path = "Preview Content";
			sourceTree = "<group>";
		};
		A6EF82A82893383D004A462F /* AsyncAwaitSwiftUITests */ = {
			isa = PBXGroup;
			children = (
				A6EF82A92893383D004A462F /* AsyncAwaitSwiftUITests.swift */,
			);
			path = AsyncAwaitSwiftUITests;
			sourceTree = "<group>";
		};
		A6EF82B22893383D004A462F /* AsyncAwaitSwiftUIUITests */ = {
			isa = PBXGroup;
			children = (
				A6EF82B32893383D004A462F /* AsyncAwaitSwiftUIUITests.swift */,
				A6EF82B52893383D004A462F /* AsyncAwaitSwiftUIUITestsLaunchTests.swift */,
			);
			path = AsyncAwaitSwiftUIUITests;
			sourceTree = "<group>";
		};
/* End PBXGroup section */

/* Begin PBXNativeTarget section */
		A6EF82942893383C004A462F /* AsyncAwaitSwiftUI */ = {
			isa = PBXNativeTarget;
			buildConfigurationList = A6EF82B92893383D004A462F /* Build configuration list for PBXNativeTarget "AsyncAwaitSwiftUI" */;
			buildPhases = (
				A6EF82912893383C004A462F /* Sources */,
				A6EF82922893383C004A462F /* Frameworks */,
				A6EF82932893383C004A462F /* Resources */,
			);
			buildRules = (
			);
			dependencies = (
			);
			name = AsyncAwaitSwiftUI;
			productName = AsyncAwaitSwiftUI;
			productReference = A6EF82952893383C004A462F /* AsyncAwaitSwiftUI.app */;
			productType = "com.apple.product-type.application";
		};
		A6EF82A42893383D004A462F /* AsyncAwaitSwiftUITests */ = {
			isa = PBXNativeTarget;
			buildConfigurationList = A6EF82BC2893383D004A462F /* Build configuration list for PBXNativeTarget "AsyncAwaitSwiftUITests" */;
			buildPhases = (
				A6EF82A12893383D004A462F /* Sources */,
				A6EF82A22893383D004A462F /* Frameworks */,
				A6EF82A32893383D004A462F /* Resources */,
			);
			buildRules = (
			);
			dependencies = (
				A6EF82A72893383D004A462F /* PBXTargetDependency */,
			);
			name = AsyncAwaitSwiftUITests;
			productName = AsyncAwaitSwiftUITests;
			productReference = A6EF82A52893383D004A462F /* AsyncAwaitSwiftUITests.xctest */;
			productType = "com.apple.product-type.bundle.unit-test";
		};
		A6EF82AE2893383D004A462F /* AsyncAwaitSwiftUIUITests */ = {
			isa = PBXNativeTarget;
			buildConfigurationList = A6EF82BF2893383D004A462F /* Build configuration list for PBXNativeTarget "AsyncAwaitSwiftUIUITests" */;
			buildPhases = (
				A6EF82AB2893383D004A462F /* Sources */,
				A6EF82AC2893383D004A462F /* Frameworks */,
				A6EF82AD2893383D004A462F /* Resources */,
			);
			buildRules = (
			);
			dependencies = (
				A6EF82B12893383D004A462F /* PBXTargetDependency */,
			);
			name = AsyncAwaitSwiftUIUITests;
			productName = AsyncAwaitSwiftUIUITests;
			productReference = A6EF82AF2893383D004A462F /* AsyncAwaitSwiftUIUITests.xctest */;
			productType = "com.apple.product-type.bundle.ui-testing";
		};
/* End PBXNativeTarget section */

/* Begin PBXProject section */
		A6EF828D2893383C004A462F /* Project object */ = {
			isa = PBXProject;
			attributes = {
				BuildIndependentTargetsInParallel = 1;
				LastSwiftUpdateCheck = 1400;
				LastUpgradeCheck = 1400;
				TargetAttributes = {
					A6EF82942893383C004A462F = {
						CreatedOnToolsVersion = 14.0;
					};
					A6EF82A42893383D004A462F = {
						CreatedOnToolsVersion = 14.0;
						TestTargetID = A6EF82942893383C004A462F;
					};
					A6EF82AE2893383D004A462F = {
						CreatedOnToolsVersion = 14.0;
						TestTargetID = A6EF82942893383C004A462F;
					};
				};
			};
			buildConfigurationList = A6EF82902893383C004A462F /* Build configuration list for PBXProject "AsyncAwaitSwiftUI" */;
			compatibilityVersion = "Xcode 14.0";
			developmentRegion = en;
			hasScannedForEncodings = 0;
			knownRegions = (
				en,
				Base,
			);
			mainGroup = A6EF828C2893383C004A462F;
			productRefGroup = A6EF82962893383C004A462F /* Products */;
			projectDirPath = "";
			projectRoot = "";
			targets = (
				A6EF82942893383C004A462F /* AsyncAwaitSwiftUI */,
				A6EF82A42893383D004A462F /* AsyncAwaitSwiftUITests */,
				A6EF82AE2893383D004A462F /* AsyncAwaitSwiftUIUITests */,
			);
		};
/* End PBXProject section */

/* Begin PBXResourcesBuildPhase section */
		A6EF82932893383C004A462F /* Resources */ = {
			isa = PBXResourcesBuildPhase;
			buildActionMask = 2147483647;
			files = (
				A6EF82A02893383C004A462F /* Preview Assets.xcassets in Resources */,
				A6EF829D2893383C004A462F /* Assets.xcassets in Resources */,
			);
			runOnlyForDeploymentPostprocessing = 0;
		};
		A6EF82A32893383D004A462F /* Resources */ = {
			isa = PBXResourcesBuildPhase;
			buildActionMask = 2147483647;
			files = (
			);
			runOnlyForDeploymentPostprocessing = 0;
		};
		A6EF82AD2893383D004A462F /* Resources */ = {
			isa = PBXResourcesBuildPhase;
			buildActionMask = 2147483647;
			files = (
			);
			runOnlyForDeploymentPostprocessing = 0;
		};
/* End PBXResourcesBuildPhase section */

/* Begin PBXSourcesBuildPhase section */
		A6EF82912893383C004A462F /* Sources */ = {
			isa = PBXSourcesBuildPhase;
			buildActionMask = 2147483647;
			files = (
				A6A76C6E28A3DFC4001FC72E /* AlbumModel.swift in Sources */,
				A6A76C7028A3E000001FC72E /* ItunesAPI.swift in Sources */,
				A6A76C6928A3DF5A001FC72E /* AlbumDetailViewModel.swift in Sources */,
				A6A76C6728A3DED6001FC72E /* AlbumDetailView.swift in Sources */,
				A6EF82992893383C004A462F /* AsyncAwaitSwiftUIApp.swift in Sources */,
				A6A76C7728A3E422001FC72E /* Constants.swift in Sources */,
			);
			runOnlyForDeploymentPostprocessing = 0;
		};
		A6EF82A12893383D004A462F /* Sources */ = {
			isa = PBXSourcesBuildPhase;
			buildActionMask = 2147483647;
			files = (
				A6EF82AA2893383D004A462F /* AsyncAwaitSwiftUITests.swift in Sources */,
			);
			runOnlyForDeploymentPostprocessing = 0;
		};
		A6EF82AB2893383D004A462F /* Sources */ = {
			isa = PBXSourcesBuildPhase;
			buildActionMask = 2147483647;
			files = (
				A6EF82B62893383D004A462F /* AsyncAwaitSwiftUIUITestsLaunchTests.swift in Sources */,
				A6EF82B42893383D004A462F /* AsyncAwaitSwiftUIUITests.swift in Sources */,
			);
			runOnlyForDeploymentPostprocessing = 0;
		};
/* End PBXSourcesBuildPhase section */

/* Begin PBXTargetDependency section */
		A6EF82A72893383D004A462F /* PBXTargetDependency */ = {
			isa = PBXTargetDependency;
			target = A6EF82942893383C004A462F /* AsyncAwaitSwiftUI */;
			targetProxy = A6EF82A62893383D004A462F /* PBXContainerItemProxy */;
		};
		A6EF82B12893383D004A462F /* PBXTargetDependency */ = {
			isa = PBXTargetDependency;
			target = A6EF82942893383C004A462F /* AsyncAwaitSwiftUI */;
			targetProxy = A6EF82B02893383D004A462F /* PBXContainerItemProxy */;
		};
/* End PBXTargetDependency section */

/* Begin XCBuildConfiguration section */
		A6EF82B72893383D004A462F /* Debug */ = {
			isa = XCBuildConfiguration;
			buildSettings = {
				ALWAYS_SEARCH_USER_PATHS = NO;
				CLANG_ANALYZER_NONNULL = YES;
				CLANG_ANALYZER_NUMBER_OBJECT_CONVERSION = YES_AGGRESSIVE;
				CLANG_CXX_LANGUAGE_STANDARD = "gnu++17";
				CLANG_ENABLE_MODULES = YES;
				CLANG_ENABLE_OBJC_ARC = YES;
				CLANG_ENABLE_OBJC_WEAK = YES;
				CLANG_WARN_BLOCK_CAPTURE_AUTORELEASING = YES;
				CLANG_WARN_BOOL_CONVERSION = YES;
				CLANG_WARN_COMMA = YES;
				CLANG_WARN_CONSTANT_CONVERSION = YES;
				CLANG_WARN_DEPRECATED_OBJC_IMPLEMENTATIONS = YES;
				CLANG_WARN_DIRECT_OBJC_ISA_USAGE = YES_ERROR;
				CLANG_WARN_DOCUMENTATION_COMMENTS = YES;
				CLANG_WARN_EMPTY_BODY = YES;
				CLANG_WARN_ENUM_CONVERSION = YES;
				CLANG_WARN_INFINITE_RECURSION = YES;
				CLANG_WARN_INT_CONVERSION = YES;
				CLANG_WARN_NON_LITERAL_NULL_CONVERSION = YES;
				CLANG_WARN_OBJC_IMPLICIT_RETAIN_SELF = YES;
				CLANG_WARN_OBJC_LITERAL_CONVERSION = YES;
				CLANG_WARN_OBJC_ROOT_CLASS = YES_ERROR;
				CLANG_WARN_QUOTED_INCLUDE_IN_FRAMEWORK_HEADER = YES;
				CLANG_WARN_RANGE_LOOP_ANALYSIS = YES;
				CLANG_WARN_STRICT_PROTOTYPES = YES;
				CLANG_WARN_SUSPICIOUS_MOVE = YES;
				CLANG_WARN_UNGUARDED_AVAILABILITY = YES_AGGRESSIVE;
				CLANG_WARN_UNREACHABLE_CODE = YES;
				CLANG_WARN__DUPLICATE_METHOD_MATCH = YES;
				COPY_PHASE_STRIP = NO;
				DEBUG_INFORMATION_FORMAT = dwarf;
				ENABLE_STRICT_OBJC_MSGSEND = YES;
				ENABLE_TESTABILITY = YES;
				GCC_C_LANGUAGE_STANDARD = gnu11;
				GCC_DYNAMIC_NO_PIC = NO;
				GCC_NO_COMMON_BLOCKS = YES;
				GCC_OPTIMIZATION_LEVEL = 0;
				GCC_PREPROCESSOR_DEFINITIONS = (
					"DEBUG=1",
					"$(inherited)",
				);
				GCC_WARN_64_TO_32_BIT_CONVERSION = YES;
				GCC_WARN_ABOUT_RETURN_TYPE = YES_ERROR;
				GCC_WARN_UNDECLARED_SELECTOR = YES;
				GCC_WARN_UNINITIALIZED_AUTOS = YES_AGGRESSIVE;
				GCC_WARN_UNUSED_FUNCTION = YES;
				GCC_WARN_UNUSED_VARIABLE = YES;
				IPHONEOS_DEPLOYMENT_TARGET = 15.6;
				MTL_ENABLE_DEBUG_INFO = INCLUDE_SOURCE;
				MTL_FAST_MATH = YES;
				ONLY_ACTIVE_ARCH = YES;
				SDKROOT = iphoneos;
				SWIFT_ACTIVE_COMPILATION_CONDITIONS = DEBUG;
				SWIFT_OPTIMIZATION_LEVEL = "-Onone";
			};
			name = Debug;
		};
		A6EF82B82893383D004A462F /* Release */ = {
			isa = XCBuildConfiguration;
			buildSettings = {
				ALWAYS_SEARCH_USER_PATHS = NO;
				CLANG_ANALYZER_NONNULL = YES;
				CLANG_ANALYZER_NUMBER_OBJECT_CONVERSION = YES_AGGRESSIVE;
				CLANG_CXX_LANGUAGE_STANDARD = "gnu++17";
				CLANG_ENABLE_MODULES = YES;
				CLANG_ENABLE_OBJC_ARC = YES;
				CLANG_ENABLE_OBJC_WEAK = YES;
				CLANG_WARN_BLOCK_CAPTURE_AUTORELEASING = YES;
				CLANG_WARN_BOOL_CONVERSION = YES;
				CLANG_WARN_COMMA = YES;
				CLANG_WARN_CONSTANT_CONVERSION = YES;
				CLANG_WARN_DEPRECATED_OBJC_IMPLEMENTATIONS = YES;
				CLANG_WARN_DIRECT_OBJC_ISA_USAGE = YES_ERROR;
				CLANG_WARN_DOCUMENTATION_COMMENTS = YES;
				CLANG_WARN_EMPTY_BODY = YES;
				CLANG_WARN_ENUM_CONVERSION = YES;
				CLANG_WARN_INFINITE_RECURSION = YES;
				CLANG_WARN_INT_CONVERSION = YES;
				CLANG_WARN_NON_LITERAL_NULL_CONVERSION = YES;
				CLANG_WARN_OBJC_IMPLICIT_RETAIN_SELF = YES;
				CLANG_WARN_OBJC_LITERAL_CONVERSION = YES;
				CLANG_WARN_OBJC_ROOT_CLASS = YES_ERROR;
				CLANG_WARN_QUOTED_INCLUDE_IN_FRAMEWORK_HEADER = YES;
				CLANG_WARN_RANGE_LOOP_ANALYSIS = YES;
				CLANG_WARN_STRICT_PROTOTYPES = YES;
				CLANG_WARN_SUSPICIOUS_MOVE = YES;
				CLANG_WARN_UNGUARDED_AVAILABILITY = YES_AGGRESSIVE;
				CLANG_WARN_UNREACHABLE_CODE = YES;
				CLANG_WARN__DUPLICATE_METHOD_MATCH = YES;
				COPY_PHASE_STRIP = NO;
				DEBUG_INFORMATION_FORMAT = "dwarf-with-dsym";
				ENABLE_NS_ASSERTIONS = NO;
				ENABLE_STRICT_OBJC_MSGSEND = YES;
				GCC_C_LANGUAGE_STANDARD = gnu11;
				GCC_NO_COMMON_BLOCKS = YES;
				GCC_WARN_64_TO_32_BIT_CONVERSION = YES;
				GCC_WARN_ABOUT_RETURN_TYPE = YES_ERROR;
				GCC_WARN_UNDECLARED_SELECTOR = YES;
				GCC_WARN_UNINITIALIZED_AUTOS = YES_AGGRESSIVE;
				GCC_WARN_UNUSED_FUNCTION = YES;
				GCC_WARN_UNUSED_VARIABLE = YES;
				IPHONEOS_DEPLOYMENT_TARGET = 15.6;
				MTL_ENABLE_DEBUG_INFO = NO;
				MTL_FAST_MATH = YES;
				SDKROOT = iphoneos;
				SWIFT_COMPILATION_MODE = wholemodule;
				SWIFT_OPTIMIZATION_LEVEL = "-O";
				VALIDATE_PRODUCT = YES;
			};
			name = Release;
		};
		A6EF82BA2893383D004A462F /* Debug */ = {
			isa = XCBuildConfiguration;
			buildSettings = {
				ASSETCATALOG_COMPILER_APPICON_NAME = AppIcon;
				ASSETCATALOG_COMPILER_GLOBAL_ACCENT_COLOR_NAME = AccentColor;
				CODE_SIGN_STYLE = Automatic;
				CURRENT_PROJECT_VERSION = 1;
				DEVELOPMENT_ASSET_PATHS = "\"AsyncAwaitSwiftUI/Preview Content\"";
				DEVELOPMENT_TEAM = QE68JBKWWB;
				ENABLE_PREVIEWS = YES;
				GENERATE_INFOPLIST_FILE = YES;
				INFOPLIST_FILE = AsyncAwaitSwiftUI/Info.plist;
				INFOPLIST_KEY_UIApplicationSceneManifest_Generation = YES;
				INFOPLIST_KEY_UIApplicationSupportsIndirectInputEvents = YES;
				INFOPLIST_KEY_UILaunchScreen_Generation = YES;
				INFOPLIST_KEY_UISupportedInterfaceOrientations_iPad = "UIInterfaceOrientationPortrait UIInterfaceOrientationPortraitUpsideDown UIInterfaceOrientationLandscapeLeft UIInterfaceOrientationLandscapeRight";
				INFOPLIST_KEY_UISupportedInterfaceOrientations_iPhone = "UIInterfaceOrientationPortrait UIInterfaceOrientationLandscapeLeft UIInterfaceOrientationLandscapeRight";
				IPHONEOS_DEPLOYMENT_TARGET = 15.6;
				LD_RUNPATH_SEARCH_PATHS = (
					"$(inherited)",
					"@executable_path/Frameworks",
				);
				MARKETING_VERSION = 1.0;
				PRODUCT_BUNDLE_IDENTIFIER = luko.AsyncAwaitSwiftUI;
				PRODUCT_NAME = "$(TARGET_NAME)";
				SWIFT_EMIT_LOC_STRINGS = YES;
				SWIFT_VERSION = 5.0;
				TARGETED_DEVICE_FAMILY = "1,2";
			};
			name = Debug;
		};
		A6EF82BB2893383D004A462F /* Release */ = {
			isa = XCBuildConfiguration;
			buildSettings = {
				ASSETCATALOG_COMPILER_APPICON_NAME = AppIcon;
				ASSETCATALOG_COMPILER_GLOBAL_ACCENT_COLOR_NAME = AccentColor;
				CODE_SIGN_STYLE = Automatic;
				CURRENT_PROJECT_VERSION = 1;
				DEVELOPMENT_ASSET_PATHS = "\"AsyncAwaitSwiftUI/Preview Content\"";
				DEVELOPMENT_TEAM = QE68JBKWWB;
				ENABLE_PREVIEWS = YES;
				GENERATE_INFOPLIST_FILE = YES;
				INFOPLIST_FILE = AsyncAwaitSwiftUI/Info.plist;
				INFOPLIST_KEY_UIApplicationSceneManifest_Generation = YES;
				INFOPLIST_KEY_UIApplicationSupportsIndirectInputEvents = YES;
				INFOPLIST_KEY_UILaunchScreen_Generation = YES;
				INFOPLIST_KEY_UISupportedInterfaceOrientations_iPad = "UIInterfaceOrientationPortrait UIInterfaceOrientationPortraitUpsideDown UIInterfaceOrientationLandscapeLeft UIInterfaceOrientationLandscapeRight";
				INFOPLIST_KEY_UISupportedInterfaceOrientations_iPhone = "UIInterfaceOrientationPortrait UIInterfaceOrientationLandscapeLeft UIInterfaceOrientationLandscapeRight";
				IPHONEOS_DEPLOYMENT_TARGET = 15.6;
				LD_RUNPATH_SEARCH_PATHS = (
					"$(inherited)",
					"@executable_path/Frameworks",
				);
				MARKETING_VERSION = 1.0;
				PRODUCT_BUNDLE_IDENTIFIER = luko.AsyncAwaitSwiftUI;
				PRODUCT_NAME = "$(TARGET_NAME)";
				SWIFT_EMIT_LOC_STRINGS = YES;
				SWIFT_VERSION = 5.0;
				TARGETED_DEVICE_FAMILY = "1,2";
			};
			name = Release;
		};
		A6EF82BD2893383D004A462F /* Debug */ = {
			isa = XCBuildConfiguration;
			buildSettings = {
				ALWAYS_EMBED_SWIFT_STANDARD_LIBRARIES = YES;
				BUNDLE_LOADER = "$(TEST_HOST)";
				CODE_SIGN_STYLE = Automatic;
				CURRENT_PROJECT_VERSION = 1;
				DEVELOPMENT_TEAM = QE68JBKWWB;
				GENERATE_INFOPLIST_FILE = YES;
				IPHONEOS_DEPLOYMENT_TARGET = 16.0;
				MARKETING_VERSION = 1.0;
				PRODUCT_BUNDLE_IDENTIFIER = luko.AsyncAwaitSwiftUITests;
				PRODUCT_NAME = "$(TARGET_NAME)";
				SWIFT_EMIT_LOC_STRINGS = NO;
				SWIFT_VERSION = 5.0;
				TARGETED_DEVICE_FAMILY = "1,2";
				TEST_HOST = "$(BUILT_PRODUCTS_DIR)/AsyncAwaitSwiftUI.app/$(BUNDLE_EXECUTABLE_FOLDER_PATH)/AsyncAwaitSwiftUI";
			};
			name = Debug;
		};
		A6EF82BE2893383D004A462F /* Release */ = {
			isa = XCBuildConfiguration;
			buildSettings = {
				ALWAYS_EMBED_SWIFT_STANDARD_LIBRARIES = YES;
				BUNDLE_LOADER = "$(TEST_HOST)";
				CODE_SIGN_STYLE = Automatic;
				CURRENT_PROJECT_VERSION = 1;
				DEVELOPMENT_TEAM = QE68JBKWWB;
				GENERATE_INFOPLIST_FILE = YES;
				IPHONEOS_DEPLOYMENT_TARGET = 16.0;
				MARKETING_VERSION = 1.0;
				PRODUCT_BUNDLE_IDENTIFIER = luko.AsyncAwaitSwiftUITests;
				PRODUCT_NAME = "$(TARGET_NAME)";
				SWIFT_EMIT_LOC_STRINGS = NO;
				SWIFT_VERSION = 5.0;
				TARGETED_DEVICE_FAMILY = "1,2";
				TEST_HOST = "$(BUILT_PRODUCTS_DIR)/AsyncAwaitSwiftUI.app/$(BUNDLE_EXECUTABLE_FOLDER_PATH)/AsyncAwaitSwiftUI";
			};
			name = Release;
		};
		A6EF82C02893383D004A462F /* Debug */ = {
			isa = XCBuildConfiguration;
			buildSettings = {
				ALWAYS_EMBED_SWIFT_STANDARD_LIBRARIES = YES;
				CODE_SIGN_STYLE = Automatic;
				CURRENT_PROJECT_VERSION = 1;
				DEVELOPMENT_TEAM = QE68JBKWWB;
				GENERATE_INFOPLIST_FILE = YES;
				MARKETING_VERSION = 1.0;
				PRODUCT_BUNDLE_IDENTIFIER = luko.AsyncAwaitSwiftUIUITests;
				PRODUCT_NAME = "$(TARGET_NAME)";
				SWIFT_EMIT_LOC_STRINGS = NO;
				SWIFT_VERSION = 5.0;
				TARGETED_DEVICE_FAMILY = "1,2";
				TEST_TARGET_NAME = AsyncAwaitSwiftUI;
			};
			name = Debug;
		};
		A6EF82C12893383D004A462F /* Release */ = {
			isa = XCBuildConfiguration;
			buildSettings = {
				ALWAYS_EMBED_SWIFT_STANDARD_LIBRARIES = YES;
				CODE_SIGN_STYLE = Automatic;
				CURRENT_PROJECT_VERSION = 1;
				DEVELOPMENT_TEAM = QE68JBKWWB;
				GENERATE_INFOPLIST_FILE = YES;
				MARKETING_VERSION = 1.0;
				PRODUCT_BUNDLE_IDENTIFIER = luko.AsyncAwaitSwiftUIUITests;
				PRODUCT_NAME = "$(TARGET_NAME)";
				SWIFT_EMIT_LOC_STRINGS = NO;
				SWIFT_VERSION = 5.0;
				TARGETED_DEVICE_FAMILY = "1,2";
				TEST_TARGET_NAME = AsyncAwaitSwiftUI;
			};
			name = Release;
		};
/* End XCBuildConfiguration section */

/* Begin XCConfigurationList section */
		A6EF82902893383C004A462F /* Build configuration list for PBXProject "AsyncAwaitSwiftUI" */ = {
			isa = XCConfigurationList;
			buildConfigurations = (
				A6EF82B72893383D004A462F /* Debug */,
				A6EF82B82893383D004A462F /* Release */,
			);
			defaultConfigurationIsVisible = 0;
			defaultConfigurationName = Release;
		};
		A6EF82B92893383D004A462F /* Build configuration list for PBXNativeTarget "AsyncAwaitSwiftUI" */ = {
			isa = XCConfigurationList;
			buildConfigurations = (
				A6EF82BA2893383D004A462F /* Debug */,
				A6EF82BB2893383D004A462F /* Release */,
			);
			defaultConfigurationIsVisible = 0;
			defaultConfigurationName = Release;
		};
		A6EF82BC2893383D004A462F /* Build configuration list for PBXNativeTarget "AsyncAwaitSwiftUITests" */ = {
			isa = XCConfigurationList;
			buildConfigurations = (
				A6EF82BD2893383D004A462F /* Debug */,
				A6EF82BE2893383D004A462F /* Release */,
			);
			defaultConfigurationIsVisible = 0;
			defaultConfigurationName = Release;
		};
		A6EF82BF2893383D004A462F /* Build configuration list for PBXNativeTarget "AsyncAwaitSwiftUIUITests" */ = {
			isa = XCConfigurationList;
			buildConfigurations = (
				A6EF82C02893383D004A462F /* Debug */,
				A6EF82C12893383D004A462F /* Release */,
			);
			defaultConfigurationIsVisible = 0;
			defaultConfigurationName = Release;
		};
/* End XCConfigurationList section */
	};
	rootObject = A6EF828D2893383C004A462F /* Project object */;
}
